{
  "version": 4,
  "terraform_version": "0.12.18",
  "serial": 4,
  "lineage": "2d5d628d-4459-6ce3-2a09-4d89e0741b12",
  "outputs": {},
  "resources": [
    {
      "mode": "managed",
      "type": "azurerm_log_analytics_workspace",
      "name": "codely_log_workspace",
      "provider": "provider.azurerm",
      "instances": [
        {
          "schema_version": 0,
          "attributes": {
            "id": "/subscriptions/b9b17abf-e5fc-4118-8bf8-3633161d473a/resourcegroups/codely/providers/microsoft.operationalinsights/workspaces/k8s-workspace-008e1a6195c59bfe",
            "location": "eastus",
            "name": "k8s-workspace-008e1a6195c59bfe",
            "portal_url": "",
            "primary_shared_key": "6/6ocGBspfdz86ZeRWRZwVe0p94Sxen/7OylsKpcKHs2kNQj5lbJNI2RfVasIrQEg6UfzPMqflTh7epLsT39Wg==",
            "resource_group_name": "codely",
            "retention_in_days": 30,
            "secondary_shared_key": "9mVYMvsYCgLmbhvSK7H1kHwOFBvXZegfI2rVpobJuLlBkcfgiWiBMSAqiz7t6VqzZAIxvHHFq2DGNWyyUyeMuw==",
            "sku": "pergb2018",
            "tags": {},
            "workspace_id": "8f4be5f8-4791-41e3-b56f-73b4f3af2f3b"
          },
          "private": "bnVsbA==",
          "dependencies": [
            "azurerm_resource_group.codely",
            "random_id.workspace"
          ]
        }
      ]
    },
    {
      "mode": "managed",
      "type": "azurerm_resource_group",
      "name": "codely",
      "provider": "provider.azurerm",
      "instances": [
        {
          "schema_version": 0,
          "attributes": {
            "id": "/subscriptions/b9b17abf-e5fc-4118-8bf8-3633161d473a/resourceGroups/codely",
            "location": "eastus",
            "name": "codely",
            "tags": {}
          },
          "private": "bnVsbA=="
        }
      ]
    },
    {
      "mode": "managed",
      "type": "random_id",
      "name": "workspace",
      "provider": "provider.random",
      "instances": [
        {
          "schema_version": 0,
          "attributes": {
            "b64": "AI4aYZXFm_4",
            "b64_std": "AI4aYZXFm/4=",
            "b64_url": "AI4aYZXFm_4",
            "byte_length": 8,
            "dec": "39998453119818750",
            "hex": "008e1a6195c59bfe",
            "id": "AI4aYZXFm_4",
            "keepers": {
              "group_name": "codely"
            },
            "prefix": null
          },
          "private": "bnVsbA==",
          "dependencies": [
            "azurerm_resource_group.codely"
          ]
        }
      ]
    }
  ]
}
